
Microsoft Visual Studio Solution File, Format Version 12.00

Project("{2150E333-8FDC-42A3-9474-1A3956D46DE8}") = "src", "src", "{FEA1CB22-A62F-4D09-8BDF-EDDD86F03118}"
	ProjectSection(SolutionItems) = preProject
		README.md = README.md
	EndProjectSection
EndProject
Project("{FAE04EC0-301F-11D3-BF4B-00C04F79EFBC}") = "Howazit.Responses.Domain", "Howazit.Responses.Domain\Howazit.Responses.Domain.csproj", "{5EBFED90-9532-4D65-B5DF-A605D3DF446F}"
EndProject
Project("{FAE04EC0-301F-11D3-BF4B-00C04F79EFBC}") = "Howazit.Responses.Application", "Howazit.Responses.Application\Howazit.Responses.Application.csproj", "{4AE5866D-F23E-4D0D-B168-225F6D99E8FB}"
EndProject
Project("{FAE04EC0-301F-11D3-BF4B-00C04F79EFBC}") = "Howazit.Responses.Infrastructure", "Howazit.Responses.Infrastructure\Howazit.Responses.Infrastructure.csproj", "{A9CD0A49-BCBA-485C-9CBD-535310DD0EF2}"
EndProject
Project("{FAE04EC0-301F-11D3-BF4B-00C04F79EFBC}") = "Howazit.Responses.Api", "Howazit.Responses.Api\Howazit.Responses.Api.csproj", "{F1C309A0-92E6-463D-8323-48CFBFBCE000}"
EndProject
Project("{FAE04EC0-301F-11D3-BF4B-00C04F79EFBC}") = "Howazit.AppHost", "Howazit.AppHost\Howazit.AppHost.csproj", "{10ED8045-1E80-47F0-A062-878FF476B1FA}"
EndProject
Project("{2150E333-8FDC-42A3-9474-1A3956D46DE8}") = "tests", "tests", "{889350AF-D79C-473F-8FB2-033D5270947A}"
EndProject
Project("{FAE04EC0-301F-11D3-BF4B-00C04F79EFBC}") = "Howazit.Responses.Tests", "Howazit.Responses.Tests\Howazit.Responses.Tests.csproj", "{B6CBAADD-5C44-4059-82A9-2C8E038213B9}"
EndProject
Project("{FAE04EC0-301F-11D3-BF4B-00C04F79EFBC}") = "Howazit.AcceptanceTests", "Howazit.AcceptanceTests\Howazit.AcceptanceTests.csproj", "{DB651E2B-5368-4FDF-97FE-540FC311B5DB}"
EndProject
Project("{2150E333-8FDC-42A3-9474-1A3956D46DE8}") = "documents", "documents", "{0BE43C86-237C-4DD6-89C0-6085EB1D9296}"
	ProjectSection(SolutionItems) = preProject
		ACCEPTANCE.md = ACCEPTANCE.md
		AIDISCLOSURE.md = AIDISCLOSURE.md
	EndProjectSection
EndProject
Global
	GlobalSection(SolutionConfigurationPlatforms) = preSolution
		Debug|Any CPU = Debug|Any CPU
		Release|Any CPU = Release|Any CPU
	EndGlobalSection
	GlobalSection(ProjectConfigurationPlatforms) = postSolution
		{5B85C9AC-EB59-4806-84C7-B7A7D2E3A94B}.Debug|Any CPU.ActiveCfg = Debug|Any CPU
		{5B85C9AC-EB59-4806-84C7-B7A7D2E3A94B}.Debug|Any CPU.Build.0 = Debug|Any CPU
		{5B85C9AC-EB59-4806-84C7-B7A7D2E3A94B}.Release|Any CPU.ActiveCfg = Release|Any CPU
		{5B85C9AC-EB59-4806-84C7-B7A7D2E3A94B}.Release|Any CPU.Build.0 = Release|Any CPU
		{09E943C5-EDE8-4DC4-8DD9-635F1B0AD589}.Debug|Any CPU.ActiveCfg = Debug|Any CPU
		{09E943C5-EDE8-4DC4-8DD9-635F1B0AD589}.Debug|Any CPU.Build.0 = Debug|Any CPU
		{09E943C5-EDE8-4DC4-8DD9-635F1B0AD589}.Release|Any CPU.ActiveCfg = Release|Any CPU
		{09E943C5-EDE8-4DC4-8DD9-635F1B0AD589}.Release|Any CPU.Build.0 = Release|Any CPU
		{6C842FC9-976B-4EB5-94B5-C98B8ABA5ED6}.Debug|Any CPU.ActiveCfg = Debug|Any CPU
		{6C842FC9-976B-4EB5-94B5-C98B8ABA5ED6}.Debug|Any CPU.Build.0 = Debug|Any CPU
		{6C842FC9-976B-4EB5-94B5-C98B8ABA5ED6}.Release|Any CPU.ActiveCfg = Release|Any CPU
		{6C842FC9-976B-4EB5-94B5-C98B8ABA5ED6}.Release|Any CPU.Build.0 = Release|Any CPU
		{B27A8D0E-7767-4DDB-894F-F2A9FA3A5871}.Debug|Any CPU.ActiveCfg = Debug|Any CPU
		{B27A8D0E-7767-4DDB-894F-F2A9FA3A5871}.Debug|Any CPU.Build.0 = Debug|Any CPU
		{B27A8D0E-7767-4DDB-894F-F2A9FA3A5871}.Release|Any CPU.ActiveCfg = Release|Any CPU
		{B27A8D0E-7767-4DDB-894F-F2A9FA3A5871}.Release|Any CPU.Build.0 = Release|Any CPU
		{5EBFED90-9532-4D65-B5DF-A605D3DF446F}.Debug|Any CPU.ActiveCfg = Debug|Any CPU
		{5EBFED90-9532-4D65-B5DF-A605D3DF446F}.Debug|Any CPU.Build.0 = Debug|Any CPU
		{5EBFED90-9532-4D65-B5DF-A605D3DF446F}.Release|Any CPU.ActiveCfg = Release|Any CPU
		{5EBFED90-9532-4D65-B5DF-A605D3DF446F}.Release|Any CPU.Build.0 = Release|Any CPU
		{4AE5866D-F23E-4D0D-B168-225F6D99E8FB}.Debug|Any CPU.ActiveCfg = Debug|Any CPU
		{4AE5866D-F23E-4D0D-B168-225F6D99E8FB}.Debug|Any CPU.Build.0 = Debug|Any CPU
		{4AE5866D-F23E-4D0D-B168-225F6D99E8FB}.Release|Any CPU.ActiveCfg = Release|Any CPU
		{4AE5866D-F23E-4D0D-B168-225F6D99E8FB}.Release|Any CPU.Build.0 = Release|Any CPU
		{A9CD0A49-BCBA-485C-9CBD-535310DD0EF2}.Debug|Any CPU.ActiveCfg = Debug|Any CPU
		{A9CD0A49-BCBA-485C-9CBD-535310DD0EF2}.Debug|Any CPU.Build.0 = Debug|Any CPU
		{A9CD0A49-BCBA-485C-9CBD-535310DD0EF2}.Release|Any CPU.ActiveCfg = Release|Any CPU
		{A9CD0A49-BCBA-485C-9CBD-535310DD0EF2}.Release|Any CPU.Build.0 = Release|Any CPU
		{F1C309A0-92E6-463D-8323-48CFBFBCE000}.Debug|Any CPU.ActiveCfg = Debug|Any CPU
		{F1C309A0-92E6-463D-8323-48CFBFBCE000}.Debug|Any CPU.Build.0 = Debug|Any CPU
		{F1C309A0-92E6-463D-8323-48CFBFBCE000}.Release|Any CPU.ActiveCfg = Release|Any CPU
		{F1C309A0-92E6-463D-8323-48CFBFBCE000}.Release|Any CPU.Build.0 = Release|Any CPU
		{10ED8045-1E80-47F0-A062-878FF476B1FA}.Debug|Any CPU.ActiveCfg = Debug|Any CPU
		{10ED8045-1E80-47F0-A062-878FF476B1FA}.Debug|Any CPU.Build.0 = Debug|Any CPU
		{10ED8045-1E80-47F0-A062-878FF476B1FA}.Release|Any CPU.ActiveCfg = Release|Any CPU
		{10ED8045-1E80-47F0-A062-878FF476B1FA}.Release|Any CPU.Build.0 = Release|Any CPU
		{B6CBAADD-5C44-4059-82A9-2C8E038213B9}.Debug|Any CPU.ActiveCfg = Debug|Any CPU
		{B6CBAADD-5C44-4059-82A9-2C8E038213B9}.Debug|Any CPU.Build.0 = Debug|Any CPU
		{B6CBAADD-5C44-4059-82A9-2C8E038213B9}.Release|Any CPU.ActiveCfg = Release|Any CPU
		{B6CBAADD-5C44-4059-82A9-2C8E038213B9}.Release|Any CPU.Build.0 = Release|Any CPU
		{DB651E2B-5368-4FDF-97FE-540FC311B5DB}.Debug|Any CPU.ActiveCfg = Debug|Any CPU
		{DB651E2B-5368-4FDF-97FE-540FC311B5DB}.Debug|Any CPU.Build.0 = Debug|Any CPU
		{DB651E2B-5368-4FDF-97FE-540FC311B5DB}.Release|Any CPU.ActiveCfg = Release|Any CPU
		{DB651E2B-5368-4FDF-97FE-540FC311B5DB}.Release|Any CPU.Build.0 = Release|Any CPU
	EndGlobalSection
	GlobalSection(NestedProjects) = preSolution
		{5EBFED90-9532-4D65-B5DF-A605D3DF446F} = {FEA1CB22-A62F-4D09-8BDF-EDDD86F03118}
		{4AE5866D-F23E-4D0D-B168-225F6D99E8FB} = {FEA1CB22-A62F-4D09-8BDF-EDDD86F03118}
		{A9CD0A49-BCBA-485C-9CBD-535310DD0EF2} = {FEA1CB22-A62F-4D09-8BDF-EDDD86F03118}
		{F1C309A0-92E6-463D-8323-48CFBFBCE000} = {FEA1CB22-A62F-4D09-8BDF-EDDD86F03118}
		{10ED8045-1E80-47F0-A062-878FF476B1FA} = {FEA1CB22-A62F-4D09-8BDF-EDDD86F03118}
		{B6CBAADD-5C44-4059-82A9-2C8E038213B9} = {889350AF-D79C-473F-8FB2-033D5270947A}
		{DB651E2B-5368-4FDF-97FE-540FC311B5DB} = {889350AF-D79C-473F-8FB2-033D5270947A}
	EndGlobalSection
EndGlobal
